// !$*UTF8*$!
{
	archiveVersion = 1;
	classes = {
	};
	objectVersion = 77;
	objects = {

/* Begin PBXBuildFile section */
		E50608972DA0F54A00CC10EF /* AppDelegate.swift in Sources */ = {isa = PBXBuildFile; fileRef = E506088F2DA0F54A00CC10EF /* AppDelegate.swift */; };
		E50608982DA0F54A00CC10EF /* SceneDelegate.swift in Sources */ = {isa = PBXBuildFile; fileRef = E50608942DA0F54A00CC10EF /* SceneDelegate.swift */; };
		E50608992DA0F54A00CC10EF /* LoginViewController.swift in Sources */ = {isa = PBXBuildFile; fileRef = E50608952DA0F54A00CC10EF /* LoginViewController.swift */; };
		E506089C2DA0F54A00CC10EF /* LaunchScreen.storyboard in Resources */ = {isa = PBXBuildFile; fileRef = E50608932DA0F54A00CC10EF /* LaunchScreen.storyboard */; };
		E506089F2DA1070C00CC10EF /* UIView+.swift in Sources */ = {isa = PBXBuildFile; fileRef = E506089E2DA1070C00CC10EF /* UIView+.swift */; };
		E50608A32DA10D4000CC10EF /* WelcomeViewController.swift in Sources */ = {isa = PBXBuildFile; fileRef = E50608A22DA10D4000CC10EF /* WelcomeViewController.swift */; };
		E50608A62DA1142000CC10EF /* ImageLiterals.swift in Sources */ = {isa = PBXBuildFile; fileRef = E50608A52DA1142000CC10EF /* ImageLiterals.swift */; };
		E54065C32DAA328C00FD2C01 /* LoginViewController_DelegatePattern.swift in Sources */ = {isa = PBXBuildFile; fileRef = E54065C22DAA328C00FD2C01 /* LoginViewController_DelegatePattern.swift */; };
		E54065C52DAA329800FD2C01 /* WelcomeViewController_DelegatePattern.swift in Sources */ = {isa = PBXBuildFile; fileRef = E54065C42DAA329800FD2C01 /* WelcomeViewController_DelegatePattern.swift */; };
		E54065CA2DAA3A1E00FD2C01 /* LoginViewController_Closure.swift in Sources */ = {isa = PBXBuildFile; fileRef = E54065C92DAA3A1E00FD2C01 /* LoginViewController_Closure.swift */; };
		E54065CC2DAA3A2A00FD2C01 /* WelcomeViewController_Closure.swift in Sources */ = {isa = PBXBuildFile; fileRef = E54065CB2DAA3A2A00FD2C01 /* WelcomeViewController_Closure.swift */; };
		E54065D12DAA4AEF00FD2C01 /* AutoLayoutViewController.swift in Sources */ = {isa = PBXBuildFile; fileRef = E54065D02DAA4AEF00FD2C01 /* AutoLayoutViewController.swift */; };
		E54066AA2DAA591E00FD2C01 /* ScrollViewController.swift in Sources */ = {isa = PBXBuildFile; fileRef = E54066A92DAA591E00FD2C01 /* ScrollViewController.swift */; };
		E54066AC2DAE28F200FD2C01 /* BaseUIViewController.swift in Sources */ = {isa = PBXBuildFile; fileRef = E54066AB2DAE28F200FD2C01 /* BaseUIViewController.swift */; };
		E553A5292DA6C0B300B92685 /* Assets.xcassets in Resources */ = {isa = PBXBuildFile; fileRef = E553A5272DA6C0B300B92685 /* Assets.xcassets */; };
		E553A55A2DA6C4A200B92685 /* Pretendard-Thin.ttf in Resources */ = {isa = PBXBuildFile; fileRef = E553A5592DA6C4A200B92685 /* Pretendard-Thin.ttf */; };
		E553A55B2DA6C4A200B92685 /* Pretendard-Bold.ttf in Resources */ = {isa = PBXBuildFile; fileRef = E553A5522DA6C4A200B92685 /* Pretendard-Bold.ttf */; };
		E553A55C2DA6C4A200B92685 /* Pretendard-Medium.ttf in Resources */ = {isa = PBXBuildFile; fileRef = E553A5562DA6C4A200B92685 /* Pretendard-Medium.ttf */; };
		E553A55D2DA6C4A200B92685 /* Pretendard-ExtraLight.ttf in Resources */ = {isa = PBXBuildFile; fileRef = E553A5542DA6C4A200B92685 /* Pretendard-ExtraLight.ttf */; };
		E553A55E2DA6C4A200B92685 /* Pretendard-Black.ttf in Resources */ = {isa = PBXBuildFile; fileRef = E553A5512DA6C4A200B92685 /* Pretendard-Black.ttf */; };
		E553A55F2DA6C4A200B92685 /* Pretendard-ExtraBold.ttf in Resources */ = {isa = PBXBuildFile; fileRef = E553A5532DA6C4A200B92685 /* Pretendard-ExtraBold.ttf */; };
		E553A5602DA6C4A200B92685 /* Pretendard-Regular.ttf in Resources */ = {isa = PBXBuildFile; fileRef = E553A5572DA6C4A200B92685 /* Pretendard-Regular.ttf */; };
		E553A5612DA6C4A200B92685 /* Pretendard-SemiBold.ttf in Resources */ = {isa = PBXBuildFile; fileRef = E553A5582DA6C4A200B92685 /* Pretendard-SemiBold.ttf */; };
		E553A5622DA6C4A200B92685 /* Pretendard-Light.ttf in Resources */ = {isa = PBXBuildFile; fileRef = E553A5552DA6C4A200B92685 /* Pretendard-Light.ttf */; };
		E553A5642DA6C61100B92685 /* UIFont+.swift in Sources */ = {isa = PBXBuildFile; fileRef = E553A5632DA6C61100B92685 /* UIFont+.swift */; };
		E553A5672DA6C82D00B92685 /* BaseFillButton.swift in Sources */ = {isa = PBXBuildFile; fileRef = E553A5662DA6C82D00B92685 /* BaseFillButton.swift */; };
		E553A5692DA6C87600B92685 /* UIButton+.swift in Sources */ = {isa = PBXBuildFile; fileRef = E553A5682DA6C87600B92685 /* UIButton+.swift */; };
		E553A56D2DA6CCAD00B92685 /* UITextField+.swift in Sources */ = {isa = PBXBuildFile; fileRef = E553A56C2DA6CCAD00B92685 /* UITextField+.swift */; };
		E553A56F2DA6D62600B92685 /* UIColor+.swift in Sources */ = {isa = PBXBuildFile; fileRef = E553A56E2DA6D62600B92685 /* UIColor+.swift */; };
		E56DC49E2DBCB6320087DDA6 /* ChatViewController.swift in Sources */ = {isa = PBXBuildFile; fileRef = E56DC49D2DBCB6320087DDA6 /* ChatViewController.swift */; };
		E56DC4A22DBCB65F0087DDA6 /* ChatTableViewCell.swift in Sources */ = {isa = PBXBuildFile; fileRef = E56DC4A12DBCB65F0087DDA6 /* ChatTableViewCell.swift */; };
		E56DC4A52DBCB68A0087DDA6 /* SnapKit in Frameworks */ = {isa = PBXBuildFile; productRef = E56DC4A42DBCB68A0087DDA6 /* SnapKit */; };
		E56DC4A72DBCBA160087DDA6 /* ChatModel.swift in Sources */ = {isa = PBXBuildFile; fileRef = E56DC4A62DBCBA160087DDA6 /* ChatModel.swift */; };
		E56DC4AB2DBCC5A30087DDA6 /* ItemViewController.swift in Sources */ = {isa = PBXBuildFile; fileRef = E56DC4AA2DBCC5A30087DDA6 /* ItemViewController.swift */; };
		E56DC4AD2DBCC5AB0087DDA6 /* ItemModel.swift in Sources */ = {isa = PBXBuildFile; fileRef = E56DC4AC2DBCC5AB0087DDA6 /* ItemModel.swift */; };
		E56DC4AF2DBCC5C60087DDA6 /* ItemCollectionViewCell.swift in Sources */ = {isa = PBXBuildFile; fileRef = E56DC4AE2DBCC5C60087DDA6 /* ItemCollectionViewCell.swift */; };
/* End PBXBuildFile section */

/* Begin PBXFileReference section */
		E50608772DA0F4BD00CC10EF /* SOPT36_Week1.app */ = {isa = PBXFileReference; explicitFileType = wrapper.application; includeInIndex = 0; path = SOPT36_Week1.app; sourceTree = BUILT_PRODUCTS_DIR; };
		E506088F2DA0F54A00CC10EF /* AppDelegate.swift */ = {isa = PBXFileReference; lastKnownFileType = sourcecode.swift; path = AppDelegate.swift; sourceTree = "<group>"; };
		E50608912DA0F54A00CC10EF /* Info.plist */ = {isa = PBXFileReference; lastKnownFileType = text.plist.xml; path = Info.plist; sourceTree = "<group>"; };
		E50608922DA0F54A00CC10EF /* Base */ = {isa = PBXFileReference; lastKnownFileType = file.storyboard; name = Base; path = Base.lproj/LaunchScreen.storyboard; sourceTree = "<group>"; };
		E50608942DA0F54A00CC10EF /* SceneDelegate.swift */ = {isa = PBXFileReference; lastKnownFileType = sourcecode.swift; path = SceneDelegate.swift; sourceTree = "<group>"; };
		E50608952DA0F54A00CC10EF /* LoginViewController.swift */ = {isa = PBXFileReference; lastKnownFileType = sourcecode.swift; path = LoginViewController.swift; sourceTree = "<group>"; };
		E506089E2DA1070C00CC10EF /* UIView+.swift */ = {isa = PBXFileReference; lastKnownFileType = sourcecode.swift; path = "UIView+.swift"; sourceTree = "<group>"; };
		E50608A22DA10D4000CC10EF /* WelcomeViewController.swift */ = {isa = PBXFileReference; lastKnownFileType = sourcecode.swift; path = WelcomeViewController.swift; sourceTree = "<group>"; };
		E50608A52DA1142000CC10EF /* ImageLiterals.swift */ = {isa = PBXFileReference; lastKnownFileType = sourcecode.swift; path = ImageLiterals.swift; sourceTree = "<group>"; };
		E54065C22DAA328C00FD2C01 /* LoginViewController_DelegatePattern.swift */ = {isa = PBXFileReference; lastKnownFileType = sourcecode.swift; path = LoginViewController_DelegatePattern.swift; sourceTree = "<group>"; };
		E54065C42DAA329800FD2C01 /* WelcomeViewController_DelegatePattern.swift */ = {isa = PBXFileReference; lastKnownFileType = sourcecode.swift; path = WelcomeViewController_DelegatePattern.swift; sourceTree = "<group>"; };
		E54065C92DAA3A1E00FD2C01 /* LoginViewController_Closure.swift */ = {isa = PBXFileReference; lastKnownFileType = sourcecode.swift; path = LoginViewController_Closure.swift; sourceTree = "<group>"; };
		E54065CB2DAA3A2A00FD2C01 /* WelcomeViewController_Closure.swift */ = {isa = PBXFileReference; lastKnownFileType = sourcecode.swift; path = WelcomeViewController_Closure.swift; sourceTree = "<group>"; };
		E54065D02DAA4AEF00FD2C01 /* AutoLayoutViewController.swift */ = {isa = PBXFileReference; lastKnownFileType = sourcecode.swift; path = AutoLayoutViewController.swift; sourceTree = "<group>"; };
		E54066A92DAA591E00FD2C01 /* ScrollViewController.swift */ = {isa = PBXFileReference; lastKnownFileType = sourcecode.swift; path = ScrollViewController.swift; sourceTree = "<group>"; };
		E54066AB2DAE28F200FD2C01 /* BaseUIViewController.swift */ = {isa = PBXFileReference; lastKnownFileType = sourcecode.swift; path = BaseUIViewController.swift; sourceTree = "<group>"; };
		E553A5272DA6C0B300B92685 /* Assets.xcassets */ = {isa = PBXFileReference; lastKnownFileType = folder.assetcatalog; path = Assets.xcassets; sourceTree = "<group>"; };
		E553A5512DA6C4A200B92685 /* Pretendard-Black.ttf */ = {isa = PBXFileReference; lastKnownFileType = file; path = "Pretendard-Black.ttf"; sourceTree = "<group>"; };
		E553A5522DA6C4A200B92685 /* Pretendard-Bold.ttf */ = {isa = PBXFileReference; lastKnownFileType = file; path = "Pretendard-Bold.ttf"; sourceTree = "<group>"; };
		E553A5532DA6C4A200B92685 /* Pretendard-ExtraBold.ttf */ = {isa = PBXFileReference; lastKnownFileType = file; path = "Pretendard-ExtraBold.ttf"; sourceTree = "<group>"; };
		E553A5542DA6C4A200B92685 /* Pretendard-ExtraLight.ttf */ = {isa = PBXFileReference; lastKnownFileType = file; path = "Pretendard-ExtraLight.ttf"; sourceTree = "<group>"; };
		E553A5552DA6C4A200B92685 /* Pretendard-Light.ttf */ = {isa = PBXFileReference; lastKnownFileType = file; path = "Pretendard-Light.ttf"; sourceTree = "<group>"; };
		E553A5562DA6C4A200B92685 /* Pretendard-Medium.ttf */ = {isa = PBXFileReference; lastKnownFileType = file; path = "Pretendard-Medium.ttf"; sourceTree = "<group>"; };
		E553A5572DA6C4A200B92685 /* Pretendard-Regular.ttf */ = {isa = PBXFileReference; lastKnownFileType = file; path = "Pretendard-Regular.ttf"; sourceTree = "<group>"; };
		E553A5582DA6C4A200B92685 /* Pretendard-SemiBold.ttf */ = {isa = PBXFileReference; lastKnownFileType = file; path = "Pretendard-SemiBold.ttf"; sourceTree = "<group>"; };
		E553A5592DA6C4A200B92685 /* Pretendard-Thin.ttf */ = {isa = PBXFileReference; lastKnownFileType = file; path = "Pretendard-Thin.ttf"; sourceTree = "<group>"; };
		E553A5632DA6C61100B92685 /* UIFont+.swift */ = {isa = PBXFileReference; lastKnownFileType = sourcecode.swift; path = "UIFont+.swift"; sourceTree = "<group>"; };
		E553A5662DA6C82D00B92685 /* BaseFillButton.swift */ = {isa = PBXFileReference; lastKnownFileType = sourcecode.swift; path = BaseFillButton.swift; sourceTree = "<group>"; };
		E553A5682DA6C87600B92685 /* UIButton+.swift */ = {isa = PBXFileReference; lastKnownFileType = sourcecode.swift; path = "UIButton+.swift"; sourceTree = "<group>"; };
		E553A56C2DA6CCAD00B92685 /* UITextField+.swift */ = {isa = PBXFileReference; lastKnownFileType = sourcecode.swift; path = "UITextField+.swift"; sourceTree = "<group>"; };
		E553A56E2DA6D62600B92685 /* UIColor+.swift */ = {isa = PBXFileReference; lastKnownFileType = sourcecode.swift; path = "UIColor+.swift"; sourceTree = "<group>"; };
		E56DC49D2DBCB6320087DDA6 /* ChatViewController.swift */ = {isa = PBXFileReference; lastKnownFileType = sourcecode.swift; path = ChatViewController.swift; sourceTree = "<group>"; };
		E56DC4A12DBCB65F0087DDA6 /* ChatTableViewCell.swift */ = {isa = PBXFileReference; lastKnownFileType = sourcecode.swift; path = ChatTableViewCell.swift; sourceTree = "<group>"; };
		E56DC4A62DBCBA160087DDA6 /* ChatModel.swift */ = {isa = PBXFileReference; lastKnownFileType = sourcecode.swift; path = ChatModel.swift; sourceTree = "<group>"; };
		E56DC4AA2DBCC5A30087DDA6 /* ItemViewController.swift */ = {isa = PBXFileReference; lastKnownFileType = sourcecode.swift; path = ItemViewController.swift; sourceTree = "<group>"; };
		E56DC4AC2DBCC5AB0087DDA6 /* ItemModel.swift */ = {isa = PBXFileReference; lastKnownFileType = sourcecode.swift; path = ItemModel.swift; sourceTree = "<group>"; };
		E56DC4AE2DBCC5C60087DDA6 /* ItemCollectionViewCell.swift */ = {isa = PBXFileReference; lastKnownFileType = sourcecode.swift; path = ItemCollectionViewCell.swift; sourceTree = "<group>"; };
/* End PBXFileReference section */

/* Begin PBXFrameworksBuildPhase section */
		E50608742DA0F4BD00CC10EF /* Frameworks */ = {
			isa = PBXFrameworksBuildPhase;
			buildActionMask = 2147483647;
			files = (
				E56DC4A52DBCB68A0087DDA6 /* SnapKit in Frameworks */,
			);
			runOnlyForDeploymentPostprocessing = 0;
		};
/* End PBXFrameworksBuildPhase section */

/* Begin PBXGroup section */
		E506086E2DA0F4BD00CC10EF = {
			isa = PBXGroup;
			children = (
				E50608962DA0F54A00CC10EF /* SOPT36_Week1 */,
				E50608782DA0F4BD00CC10EF /* Products */,
			);
			sourceTree = "<group>";
		};
		E50608782DA0F4BD00CC10EF /* Products */ = {
			isa = PBXGroup;
			children = (
				E50608772DA0F4BD00CC10EF /* SOPT36_Week1.app */,
			);
			name = Products;
			sourceTree = "<group>";
		};
		E50608962DA0F54A00CC10EF /* SOPT36_Week1 */ = {
			isa = PBXGroup;
			children = (
				E54066AE2DAE292900FD2C01 /* Base */,
				E54065C62DAA361200FD2C01 /* Application */,
				E54065C12DAA326500FD2C01 /* Feature */,
				E50608932DA0F54A00CC10EF /* LaunchScreen.storyboard */,
				E50608912DA0F54A00CC10EF /* Info.plist */,
				E506089D2DA106F900CC10EF /* Extention */,
				E553A5282DA6C0B300B92685 /* Resource */,
			);
			path = SOPT36_Week1;
			sourceTree = "<group>";
		};
		E506089D2DA106F900CC10EF /* Extention */ = {
			isa = PBXGroup;
			children = (
				E506089E2DA1070C00CC10EF /* UIView+.swift */,
				E553A5632DA6C61100B92685 /* UIFont+.swift */,
				E553A5682DA6C87600B92685 /* UIButton+.swift */,
				E553A56E2DA6D62600B92685 /* UIColor+.swift */,
				E553A56C2DA6CCAD00B92685 /* UITextField+.swift */,
			);
			path = Extention;
			sourceTree = "<group>";
		};
		E50608A42DA1140900CC10EF /* Literals */ = {
			isa = PBXGroup;
			children = (
				E50608A52DA1142000CC10EF /* ImageLiterals.swift */,
			);
			path = Literals;
			sourceTree = "<group>";
		};
		E54065C12DAA326500FD2C01 /* Feature */ = {
			isa = PBXGroup;
			children = (
				E50608952DA0F54A00CC10EF /* LoginViewController.swift */,
				E50608A22DA10D4000CC10EF /* WelcomeViewController.swift */,
				E56DC4A92DBCC5710087DDA6 /* Item */,
				E56DC4A82DBCBB8D0087DDA6 /* Chat */,
				E54066A82DAA58EA00FD2C01 /* ScrollView */,
				E54065CF2DAA4AD700FD2C01 /* AutoLayout */,
				E54065C82DAA39FF00FD2C01 /* Closure */,
				E54065C72DAA370900FD2C01 /* Delegate */,
			);
			path = Feature;
			sourceTree = "<group>";
		};
		E54065C62DAA361200FD2C01 /* Application */ = {
			isa = PBXGroup;
			children = (
				E506088F2DA0F54A00CC10EF /* AppDelegate.swift */,
				E50608942DA0F54A00CC10EF /* SceneDelegate.swift */,
			);
			path = Application;
			sourceTree = "<group>";
		};
		E54065C72DAA370900FD2C01 /* Delegate */ = {
			isa = PBXGroup;
			children = (
				E54065C22DAA328C00FD2C01 /* LoginViewController_DelegatePattern.swift */,
				E54065C42DAA329800FD2C01 /* WelcomeViewController_DelegatePattern.swift */,
			);
			path = Delegate;
			sourceTree = "<group>";
		};
		E54065C82DAA39FF00FD2C01 /* Closure */ = {
			isa = PBXGroup;
			children = (
				E54065C92DAA3A1E00FD2C01 /* LoginViewController_Closure.swift */,
				E54065CB2DAA3A2A00FD2C01 /* WelcomeViewController_Closure.swift */,
			);
			path = Closure;
			sourceTree = "<group>";
		};
		E54065CF2DAA4AD700FD2C01 /* AutoLayout */ = {
			isa = PBXGroup;
			children = (
				E54065D02DAA4AEF00FD2C01 /* AutoLayoutViewController.swift */,
			);
			path = AutoLayout;
			sourceTree = "<group>";
		};
		E54066A82DAA58EA00FD2C01 /* ScrollView */ = {
			isa = PBXGroup;
			children = (
				E54066A92DAA591E00FD2C01 /* ScrollViewController.swift */,
			);
			path = ScrollView;
			sourceTree = "<group>";
		};
		E54066AE2DAE292900FD2C01 /* Base */ = {
			isa = PBXGroup;
			children = (
				E54066AB2DAE28F200FD2C01 /* BaseUIViewController.swift */,
			);
			path = Base;
			sourceTree = "<group>";
		};
		E553A5282DA6C0B300B92685 /* Resource */ = {
			isa = PBXGroup;
			children = (
				E553A5272DA6C0B300B92685 /* Assets.xcassets */,
				E553A5652DA6C81900B92685 /* Component */,
				E553A52A2DA6C0C500B92685 /* Font */,
				E50608A42DA1140900CC10EF /* Literals */,
			);
			path = Resource;
			sourceTree = "<group>";
		};
		E553A52A2DA6C0C500B92685 /* Font */ = {
			isa = PBXGroup;
			children = (
				E553A5512DA6C4A200B92685 /* Pretendard-Black.ttf */,
				E553A5522DA6C4A200B92685 /* Pretendard-Bold.ttf */,
				E553A5532DA6C4A200B92685 /* Pretendard-ExtraBold.ttf */,
				E553A5542DA6C4A200B92685 /* Pretendard-ExtraLight.ttf */,
				E553A5552DA6C4A200B92685 /* Pretendard-Light.ttf */,
				E553A5562DA6C4A200B92685 /* Pretendard-Medium.ttf */,
				E553A5572DA6C4A200B92685 /* Pretendard-Regular.ttf */,
				E553A5582DA6C4A200B92685 /* Pretendard-SemiBold.ttf */,
				E553A5592DA6C4A200B92685 /* Pretendard-Thin.ttf */,
			);
			path = Font;
			sourceTree = "<group>";
		};
		E553A5652DA6C81900B92685 /* Component */ = {
			isa = PBXGroup;
			children = (
				E553A5662DA6C82D00B92685 /* BaseFillButton.swift */,
			);
			path = Component;
			sourceTree = "<group>";
		};
		E56DC49A2DBCB5F00087DDA6 /* TableViewCell */ = {
			isa = PBXGroup;
			children = (
				E56DC4A12DBCB65F0087DDA6 /* ChatTableViewCell.swift */,
			);
			path = TableViewCell;
			sourceTree = "<group>";
		};
		E56DC4A82DBCBB8D0087DDA6 /* Chat */ = {
			isa = PBXGroup;
			children = (
				E56DC49D2DBCB6320087DDA6 /* ChatViewController.swift */,
				E56DC4A62DBCBA160087DDA6 /* ChatModel.swift */,
				E56DC49A2DBCB5F00087DDA6 /* TableViewCell */,
			);
			path = Chat;
			sourceTree = "<group>";
		};
		E56DC4A92DBCC5710087DDA6 /* Item */ = {
			isa = PBXGroup;
			children = (
				E56DC4AA2DBCC5A30087DDA6 /* ItemViewController.swift */,
				E56DC4AC2DBCC5AB0087DDA6 /* ItemModel.swift */,
				E56DC4AE2DBCC5C60087DDA6 /* ItemCollectionViewCell.swift */,
			);
			path = Item;
			sourceTree = "<group>";
		};
/* End PBXGroup section */

/* Begin PBXNativeTarget section */
		E50608762DA0F4BD00CC10EF /* SOPT36_Week1 */ = {
			isa = PBXNativeTarget;
			buildConfigurationList = E506088A2DA0F4BE00CC10EF /* Build configuration list for PBXNativeTarget "SOPT36_Week1" */;
			buildPhases = (
				E50608732DA0F4BD00CC10EF /* Sources */,
				E50608742DA0F4BD00CC10EF /* Frameworks */,
				E50608752DA0F4BD00CC10EF /* Resources */,
			);
			buildRules = (
			);
			dependencies = (
			);
			name = SOPT36_Week1;
			packageProductDependencies = (
				E56DC4A42DBCB68A0087DDA6 /* SnapKit */,
			);
			productName = SOPT36_Week1;
			productReference = E50608772DA0F4BD00CC10EF /* SOPT36_Week1.app */;
			productType = "com.apple.product-type.application";
		};
/* End PBXNativeTarget section */

/* Begin PBXProject section */
		E506086F2DA0F4BD00CC10EF /* Project object */ = {
			isa = PBXProject;
			attributes = {
				BuildIndependentTargetsInParallel = 1;
				LastSwiftUpdateCheck = 1620;
				LastUpgradeCheck = 1620;
				TargetAttributes = {
					E50608762DA0F4BD00CC10EF = {
						CreatedOnToolsVersion = 16.2;
					};
				};
			};
			buildConfigurationList = E50608722DA0F4BD00CC10EF /* Build configuration list for PBXProject "SOPT36_Week1" */;
			developmentRegion = en;
			hasScannedForEncodings = 0;
			knownRegions = (
				en,
				Base,
			);
			mainGroup = E506086E2DA0F4BD00CC10EF;
			minimizedProjectReferenceProxies = 1;
			packageReferences = (
				E56DC4A32DBCB68A0087DDA6 /* XCRemoteSwiftPackageReference "SnapKit" */,
			);
			preferredProjectObjectVersion = 77;
			productRefGroup = E50608782DA0F4BD00CC10EF /* Products */;
			projectDirPath = "";
			projectRoot = "";
			targets = (
				E50608762DA0F4BD00CC10EF /* SOPT36_Week1 */,
			);
		};
/* End PBXProject section */

/* Begin PBXResourcesBuildPhase section */
		E50608752DA0F4BD00CC10EF /* Resources */ = {
			isa = PBXResourcesBuildPhase;
			buildActionMask = 2147483647;
			files = (
				E553A5292DA6C0B300B92685 /* Assets.xcassets in Resources */,
				E553A55A2DA6C4A200B92685 /* Pretendard-Thin.ttf in Resources */,
				E553A55B2DA6C4A200B92685 /* Pretendard-Bold.ttf in Resources */,
				E553A55C2DA6C4A200B92685 /* Pretendard-Medium.ttf in Resources */,
				E553A55D2DA6C4A200B92685 /* Pretendard-ExtraLight.ttf in Resources */,
				E553A55E2DA6C4A200B92685 /* Pretendard-Black.ttf in Resources */,
				E553A55F2DA6C4A200B92685 /* Pretendard-ExtraBold.ttf in Resources */,
				E553A5602DA6C4A200B92685 /* Pretendard-Regular.ttf in Resources */,
				E553A5612DA6C4A200B92685 /* Pretendard-SemiBold.ttf in Resources */,
				E553A5622DA6C4A200B92685 /* Pretendard-Light.ttf in Resources */,
				E506089C2DA0F54A00CC10EF /* LaunchScreen.storyboard in Resources */,
			);
			runOnlyForDeploymentPostprocessing = 0;
		};
/* End PBXResourcesBuildPhase section */

/* Begin PBXSourcesBuildPhase section */
		E50608732DA0F4BD00CC10EF /* Sources */ = {
			isa = PBXSourcesBuildPhase;
			buildActionMask = 2147483647;
			files = (
				E506089F2DA1070C00CC10EF /* UIView+.swift in Sources */,
				E553A56D2DA6CCAD00B92685 /* UITextField+.swift in Sources */,
				E50608A62DA1142000CC10EF /* ImageLiterals.swift in Sources */,
				E50608A32DA10D4000CC10EF /* WelcomeViewController.swift in Sources */,
				E553A56F2DA6D62600B92685 /* UIColor+.swift in Sources */,
				E54066AC2DAE28F200FD2C01 /* BaseUIViewController.swift in Sources */,
				E553A5642DA6C61100B92685 /* UIFont+.swift in Sources */,
				E553A5692DA6C87600B92685 /* UIButton+.swift in Sources */,
				E50608972DA0F54A00CC10EF /* AppDelegate.swift in Sources */,
				E54066AA2DAA591E00FD2C01 /* ScrollViewController.swift in Sources */,
				E54065C32DAA328C00FD2C01 /* LoginViewController_DelegatePattern.swift in Sources */,
				E56DC4AB2DBCC5A30087DDA6 /* ItemViewController.swift in Sources */,
				E56DC49E2DBCB6320087DDA6 /* ChatViewController.swift in Sources */,
				E56DC4A72DBCBA160087DDA6 /* ChatModel.swift in Sources */,
				E553A5672DA6C82D00B92685 /* BaseFillButton.swift in Sources */,
				E54065CA2DAA3A1E00FD2C01 /* LoginViewController_Closure.swift in Sources */,
				E54065C52DAA329800FD2C01 /* WelcomeViewController_DelegatePattern.swift in Sources */,
				E50608982DA0F54A00CC10EF /* SceneDelegate.swift in Sources */,
				E54065CC2DAA3A2A00FD2C01 /* WelcomeViewController_Closure.swift in Sources */,
				E56DC4A22DBCB65F0087DDA6 /* ChatTableViewCell.swift in Sources */,
				E56DC4AD2DBCC5AB0087DDA6 /* ItemModel.swift in Sources */,
				E56DC4AF2DBCC5C60087DDA6 /* ItemCollectionViewCell.swift in Sources */,
				E50608992DA0F54A00CC10EF /* LoginViewController.swift in Sources */,
				E54065D12DAA4AEF00FD2C01 /* AutoLayoutViewController.swift in Sources */,
			);
			runOnlyForDeploymentPostprocessing = 0;
		};
/* End PBXSourcesBuildPhase section */

/* Begin PBXVariantGroup section */
		E50608932DA0F54A00CC10EF /* LaunchScreen.storyboard */ = {
			isa = PBXVariantGroup;
			children = (
				E50608922DA0F54A00CC10EF /* Base */,
			);
			name = LaunchScreen.storyboard;
			sourceTree = "<group>";
		};
/* End PBXVariantGroup section */

/* Begin XCBuildConfiguration section */
		E506088B2DA0F4BE00CC10EF /* Debug */ = {
			isa = XCBuildConfiguration;
			buildSettings = {
				ASSETCATALOG_COMPILER_APPICON_NAME = AppIcon;
				ASSETCATALOG_COMPILER_GLOBAL_ACCENT_COLOR_NAME = AccentColor;
				CODE_SIGN_STYLE = Automatic;
				CURRENT_PROJECT_VERSION = 1;
				GENERATE_INFOPLIST_FILE = YES;
				INFOPLIST_FILE = SOPT36_Week1/Info.plist;
				INFOPLIST_KEY_UIApplicationSupportsIndirectInputEvents = YES;
				INFOPLIST_KEY_UILaunchStoryboardName = LaunchScreen;
				INFOPLIST_KEY_UISupportedInterfaceOrientations_iPad = "UIInterfaceOrientationPortrait UIInterfaceOrientationPortraitUpsideDown UIInterfaceOrientationLandscapeLeft UIInterfaceOrientationLandscapeRight";
				INFOPLIST_KEY_UISupportedInterfaceOrientations_iPhone = "UIInterfaceOrientationPortrait UIInterfaceOrientationLandscapeLeft UIInterfaceOrientationLandscapeRight";
				LD_RUNPATH_SEARCH_PATHS = (
					"$(inherited)",
					"@executable_path/Frameworks",
				);
				MARKETING_VERSION = 1.0;
				PRODUCT_BUNDLE_IDENTIFIER = "Rx.SOPT36-Week1";
				PRODUCT_NAME = "$(TARGET_NAME)";
				SWIFT_EMIT_LOC_STRINGS = YES;
				SWIFT_VERSION = 5.0;
				TARGETED_DEVICE_FAMILY = "1,2";
			};
			name = Debug;
		};
		E506088C2DA0F4BE00CC10EF /* Release */ = {
			isa = XCBuildConfiguration;
			buildSettings = {
				ASSETCATALOG_COMPILER_APPICON_NAME = AppIcon;
				ASSETCATALOG_COMPILER_GLOBAL_ACCENT_COLOR_NAME = AccentColor;
				CODE_SIGN_STYLE = Automatic;
				CURRENT_PROJECT_VERSION = 1;
				GENERATE_INFOPLIST_FILE = YES;
				INFOPLIST_FILE = SOPT36_Week1/Info.plist;
				INFOPLIST_KEY_UIApplicationSupportsIndirectInputEvents = YES;
				INFOPLIST_KEY_UILaunchStoryboardName = LaunchScreen;
				INFOPLIST_KEY_UISupportedInterfaceOrientations_iPad = "UIInterfaceOrientationPortrait UIInterfaceOrientationPortraitUpsideDown UIInterfaceOrientationLandscapeLeft UIInterfaceOrientationLandscapeRight";
				INFOPLIST_KEY_UISupportedInterfaceOrientations_iPhone = "UIInterfaceOrientationPortrait UIInterfaceOrientationLandscapeLeft UIInterfaceOrientationLandscapeRight";
				LD_RUNPATH_SEARCH_PATHS = (
					"$(inherited)",
					"@executable_path/Frameworks",
				);
				MARKETING_VERSION = 1.0;
				PRODUCT_BUNDLE_IDENTIFIER = "Rx.SOPT36-Week1";
				PRODUCT_NAME = "$(TARGET_NAME)";
				SWIFT_EMIT_LOC_STRINGS = YES;
				SWIFT_VERSION = 5.0;
				TARGETED_DEVICE_FAMILY = "1,2";
			};
			name = Release;
		};
		E506088D2DA0F4BE00CC10EF /* Debug */ = {
			isa = XCBuildConfiguration;
			buildSettings = {
				ALWAYS_SEARCH_USER_PATHS = NO;
				ASSETCATALOG_COMPILER_GENERATE_SWIFT_ASSET_SYMBOL_EXTENSIONS = YES;
				CLANG_ANALYZER_NONNULL = YES;
				CLANG_ANALYZER_NUMBER_OBJECT_CONVERSION = YES_AGGRESSIVE;
				CLANG_CXX_LANGUAGE_STANDARD = "gnu++20";
				CLANG_ENABLE_MODULES = YES;
				CLANG_ENABLE_OBJC_ARC = YES;
				CLANG_ENABLE_OBJC_WEAK = YES;
				CLANG_WARN_BLOCK_CAPTURE_AUTORELEASING = YES;
				CLANG_WARN_BOOL_CONVERSION = YES;
				CLANG_WARN_COMMA = YES;
				CLANG_WARN_CONSTANT_CONVERSION = YES;
				CLANG_WARN_DEPRECATED_OBJC_IMPLEMENTATIONS = YES;
				CLANG_WARN_DIRECT_OBJC_ISA_USAGE = YES_ERROR;
				CLANG_WARN_DOCUMENTATION_COMMENTS = YES;
				CLANG_WARN_EMPTY_BODY = YES;
				CLANG_WARN_ENUM_CONVERSION = YES;
				CLANG_WARN_INFINITE_RECURSION = YES;
				CLANG_WARN_INT_CONVERSION = YES;
				CLANG_WARN_NON_LITERAL_NULL_CONVERSION = YES;
				CLANG_WARN_OBJC_IMPLICIT_RETAIN_SELF = YES;
				CLANG_WARN_OBJC_LITERAL_CONVERSION = YES;
				CLANG_WARN_OBJC_ROOT_CLASS = YES_ERROR;
				CLANG_WARN_QUOTED_INCLUDE_IN_FRAMEWORK_HEADER = YES;
				CLANG_WARN_RANGE_LOOP_ANALYSIS = YES;
				CLANG_WARN_STRICT_PROTOTYPES = YES;
				CLANG_WARN_SUSPICIOUS_MOVE = YES;
				CLANG_WARN_UNGUARDED_AVAILABILITY = YES_AGGRESSIVE;
				CLANG_WARN_UNREACHABLE_CODE = YES;
				CLANG_WARN__DUPLICATE_METHOD_MATCH = YES;
				COPY_PHASE_STRIP = NO;
				DEBUG_INFORMATION_FORMAT = dwarf;
				ENABLE_STRICT_OBJC_MSGSEND = YES;
				ENABLE_TESTABILITY = YES;
				ENABLE_USER_SCRIPT_SANDBOXING = YES;
				GCC_C_LANGUAGE_STANDARD = gnu17;
				GCC_DYNAMIC_NO_PIC = NO;
				GCC_NO_COMMON_BLOCKS = YES;
				GCC_OPTIMIZATION_LEVEL = 0;
				GCC_PREPROCESSOR_DEFINITIONS = (
					"DEBUG=1",
					"$(inherited)",
				);
				GCC_WARN_64_TO_32_BIT_CONVERSION = YES;
				GCC_WARN_ABOUT_RETURN_TYPE = YES_ERROR;
				GCC_WARN_UNDECLARED_SELECTOR = YES;
				GCC_WARN_UNINITIALIZED_AUTOS = YES_AGGRESSIVE;
				GCC_WARN_UNUSED_FUNCTION = YES;
				GCC_WARN_UNUSED_VARIABLE = YES;
				IPHONEOS_DEPLOYMENT_TARGET = 18.2;
				LOCALIZATION_PREFERS_STRING_CATALOGS = YES;
				MTL_ENABLE_DEBUG_INFO = INCLUDE_SOURCE;
				MTL_FAST_MATH = YES;
				ONLY_ACTIVE_ARCH = YES;
				SDKROOT = iphoneos;
				SWIFT_ACTIVE_COMPILATION_CONDITIONS = "DEBUG $(inherited)";
				SWIFT_OPTIMIZATION_LEVEL = "-Onone";
			};
			name = Debug;
		};
		E506088E2DA0F4BE00CC10EF /* Release */ = {
			isa = XCBuildConfiguration;
			buildSettings = {
				ALWAYS_SEARCH_USER_PATHS = NO;
				ASSETCATALOG_COMPILER_GENERATE_SWIFT_ASSET_SYMBOL_EXTENSIONS = YES;
				CLANG_ANALYZER_NONNULL = YES;
				CLANG_ANALYZER_NUMBER_OBJECT_CONVERSION = YES_AGGRESSIVE;
				CLANG_CXX_LANGUAGE_STANDARD = "gnu++20";
				CLANG_ENABLE_MODULES = YES;
				CLANG_ENABLE_OBJC_ARC = YES;
				CLANG_ENABLE_OBJC_WEAK = YES;
				CLANG_WARN_BLOCK_CAPTURE_AUTORELEASING = YES;
				CLANG_WARN_BOOL_CONVERSION = YES;
				CLANG_WARN_COMMA = YES;
				CLANG_WARN_CONSTANT_CONVERSION = YES;
				CLANG_WARN_DEPRECATED_OBJC_IMPLEMENTATIONS = YES;
				CLANG_WARN_DIRECT_OBJC_ISA_USAGE = YES_ERROR;
				CLANG_WARN_DOCUMENTATION_COMMENTS = YES;
				CLANG_WARN_EMPTY_BODY = YES;
				CLANG_WARN_ENUM_CONVERSION = YES;
				CLANG_WARN_INFINITE_RECURSION = YES;
				CLANG_WARN_INT_CONVERSION = YES;
				CLANG_WARN_NON_LITERAL_NULL_CONVERSION = YES;
				CLANG_WARN_OBJC_IMPLICIT_RETAIN_SELF = YES;
				CLANG_WARN_OBJC_LITERAL_CONVERSION = YES;
				CLANG_WARN_OBJC_ROOT_CLASS = YES_ERROR;
				CLANG_WARN_QUOTED_INCLUDE_IN_FRAMEWORK_HEADER = YES;
				CLANG_WARN_RANGE_LOOP_ANALYSIS = YES;
				CLANG_WARN_STRICT_PROTOTYPES = YES;
				CLANG_WARN_SUSPICIOUS_MOVE = YES;
				CLANG_WARN_UNGUARDED_AVAILABILITY = YES_AGGRESSIVE;
				CLANG_WARN_UNREACHABLE_CODE = YES;
				CLANG_WARN__DUPLICATE_METHOD_MATCH = YES;
				COPY_PHASE_STRIP = NO;
				DEBUG_INFORMATION_FORMAT = "dwarf-with-dsym";
				ENABLE_NS_ASSERTIONS = NO;
				ENABLE_STRICT_OBJC_MSGSEND = YES;
				ENABLE_USER_SCRIPT_SANDBOXING = YES;
				GCC_C_LANGUAGE_STANDARD = gnu17;
				GCC_NO_COMMON_BLOCKS = YES;
				GCC_WARN_64_TO_32_BIT_CONVERSION = YES;
				GCC_WARN_ABOUT_RETURN_TYPE = YES_ERROR;
				GCC_WARN_UNDECLARED_SELECTOR = YES;
				GCC_WARN_UNINITIALIZED_AUTOS = YES_AGGRESSIVE;
				GCC_WARN_UNUSED_FUNCTION = YES;
				GCC_WARN_UNUSED_VARIABLE = YES;
				IPHONEOS_DEPLOYMENT_TARGET = 18.2;
				LOCALIZATION_PREFERS_STRING_CATALOGS = YES;
				MTL_ENABLE_DEBUG_INFO = NO;
				MTL_FAST_MATH = YES;
				SDKROOT = iphoneos;
				SWIFT_COMPILATION_MODE = wholemodule;
				VALIDATE_PRODUCT = YES;
			};
			name = Release;
		};
/* End XCBuildConfiguration section */

/* Begin XCConfigurationList section */
		E50608722DA0F4BD00CC10EF /* Build configuration list for PBXProject "SOPT36_Week1" */ = {
			isa = XCConfigurationList;
			buildConfigurations = (
				E506088D2DA0F4BE00CC10EF /* Debug */,
				E506088E2DA0F4BE00CC10EF /* Release */,
			);
			defaultConfigurationIsVisible = 0;
			defaultConfigurationName = Release;
		};
		E506088A2DA0F4BE00CC10EF /* Build configuration list for PBXNativeTarget "SOPT36_Week1" */ = {
			isa = XCConfigurationList;
			buildConfigurations = (
				E506088B2DA0F4BE00CC10EF /* Debug */,
				E506088C2DA0F4BE00CC10EF /* Release */,
			);
			defaultConfigurationIsVisible = 0;
			defaultConfigurationName = Release;
		};
/* End XCConfigurationList section */

/* Begin XCRemoteSwiftPackageReference section */
		E56DC4A32DBCB68A0087DDA6 /* XCRemoteSwiftPackageReference "SnapKit" */ = {
			isa = XCRemoteSwiftPackageReference;
			repositoryURL = "https://github.com/SnapKit/SnapKit";
			requirement = {
				kind = upToNextMajorVersion;
				minimumVersion = 5.7.1;
			};
		};
/* End XCRemoteSwiftPackageReference section */

/* Begin XCSwiftPackageProductDependency section */
		E56DC4A42DBCB68A0087DDA6 /* SnapKit */ = {
			isa = XCSwiftPackageProductDependency;
			package = E56DC4A32DBCB68A0087DDA6 /* XCRemoteSwiftPackageReference "SnapKit" */;
			productName = SnapKit;
		};
/* End XCSwiftPackageProductDependency section */
	};
	rootObject = E506086F2DA0F4BD00CC10EF /* Project object */;
}
