// !$*UTF8*$!
{
	archiveVersion = 1;
	classes = {
	};
	objectVersion = 77;
	objects = {

/* Begin PBXBuildFile section */
		E5B4FFD32DC5E35600012BB0 /* Then in Frameworks */ = {isa = PBXBuildFile; productRef = E5B4FFD22DC5E35600012BB0 /* Then */; };
		E5B4FFD62DC5E37F00012BB0 /* SnapKit in Frameworks */ = {isa = PBXBuildFile; productRef = E5B4FFD52DC5E37F00012BB0 /* SnapKit */; };
		E5B4FFE42DC5E42D00012BB0 /* Assets.xcassets in Resources */ = {isa = PBXBuildFile; fileRef = E5B4FFDC2DC5E42D00012BB0 /* Assets.xcassets */; };
		E5B4FFE62DC5E42D00012BB0 /* LaunchScreen.storyboard in Resources */ = {isa = PBXBuildFile; fileRef = E5B4FFE02DC5E42D00012BB0 /* LaunchScreen.storyboard */; };
		E5B4FFE72DC5E42D00012BB0 /* AppDelegate.swift in Sources */ = {isa = PBXBuildFile; fileRef = E5B4FFDB2DC5E42D00012BB0 /* AppDelegate.swift */; };
		E5B4FFE92DC5E42D00012BB0 /* SceneDelegate.swift in Sources */ = {isa = PBXBuildFile; fileRef = E5B4FFE12DC5E42D00012BB0 /* SceneDelegate.swift */; };
		E5B4FFEA2DC5E42D00012BB0 /* ViewController.swift in Sources */ = {isa = PBXBuildFile; fileRef = E5B4FFE22DC5E42D00012BB0 /* ViewController.swift */; };
		E5B4FFEF2DC5E5C900012BB0 /* BaseUIViewController.swift in Sources */ = {isa = PBXBuildFile; fileRef = E5B4FFED2DC5E5C900012BB0 /* BaseUIViewController.swift */; };
		E5B4FFF32DC5E8FF00012BB0 /* RegisterDTO.swift in Sources */ = {isa = PBXBuildFile; fileRef = E5B4FFF22DC5E8FF00012BB0 /* RegisterDTO.swift */; };
		E5B4FFF62DC5E91F00012BB0 /* NetworkError.swift in Sources */ = {isa = PBXBuildFile; fileRef = E5B4FFF52DC5E91F00012BB0 /* NetworkError.swift */; };
		E5B4FFF92DC5E94200012BB0 /* RegisterService.swift in Sources */ = {isa = PBXBuildFile; fileRef = E5B4FFF82DC5E94200012BB0 /* RegisterService.swift */; };
/* End PBXBuildFile section */

/* Begin PBXFileReference section */
		E5B4FFB92DC5DF5600012BB0 /* Sopt_Week4.app */ = {isa = PBXFileReference; explicitFileType = wrapper.application; includeInIndex = 0; path = Sopt_Week4.app; sourceTree = BUILT_PRODUCTS_DIR; };
		E5B4FFDB2DC5E42D00012BB0 /* AppDelegate.swift */ = {isa = PBXFileReference; lastKnownFileType = sourcecode.swift; path = AppDelegate.swift; sourceTree = "<group>"; };
		E5B4FFDC2DC5E42D00012BB0 /* Assets.xcassets */ = {isa = PBXFileReference; lastKnownFileType = folder.assetcatalog; path = Assets.xcassets; sourceTree = "<group>"; };
		E5B4FFDE2DC5E42D00012BB0 /* Info.plist */ = {isa = PBXFileReference; lastKnownFileType = text.plist.xml; path = Info.plist; sourceTree = "<group>"; };
		E5B4FFDF2DC5E42D00012BB0 /* Base */ = {isa = PBXFileReference; lastKnownFileType = file.storyboard; name = Base; path = Base.lproj/LaunchScreen.storyboard; sourceTree = "<group>"; };
		E5B4FFE12DC5E42D00012BB0 /* SceneDelegate.swift */ = {isa = PBXFileReference; lastKnownFileType = sourcecode.swift; path = SceneDelegate.swift; sourceTree = "<group>"; };
		E5B4FFE22DC5E42D00012BB0 /* ViewController.swift */ = {isa = PBXFileReference; lastKnownFileType = sourcecode.swift; path = ViewController.swift; sourceTree = "<group>"; };
		E5B4FFED2DC5E5C900012BB0 /* BaseUIViewController.swift */ = {isa = PBXFileReference; lastKnownFileType = sourcecode.swift; path = BaseUIViewController.swift; sourceTree = "<group>"; };
		E5B4FFF22DC5E8FF00012BB0 /* RegisterDTO.swift */ = {isa = PBXFileReference; lastKnownFileType = sourcecode.swift; path = RegisterDTO.swift; sourceTree = "<group>"; };
		E5B4FFF52DC5E91F00012BB0 /* NetworkError.swift */ = {isa = PBXFileReference; lastKnownFileType = sourcecode.swift; path = NetworkError.swift; sourceTree = "<group>"; };
		E5B4FFF82DC5E94200012BB0 /* RegisterService.swift */ = {isa = PBXFileReference; lastKnownFileType = sourcecode.swift; path = RegisterService.swift; sourceTree = "<group>"; };
/* End PBXFileReference section */

/* Begin PBXFrameworksBuildPhase section */
		E5B4FFB62DC5DF5600012BB0 /* Frameworks */ = {
			isa = PBXFrameworksBuildPhase;
			buildActionMask = 2147483647;
			files = (
				E5B4FFD32DC5E35600012BB0 /* Then in Frameworks */,
				E5B4FFD62DC5E37F00012BB0 /* SnapKit in Frameworks */,
			);
			runOnlyForDeploymentPostprocessing = 0;
		};
/* End PBXFrameworksBuildPhase section */

/* Begin PBXGroup section */
		E5B4FFB02DC5DF5600012BB0 = {
			isa = PBXGroup;
			children = (
				E5B4FFE32DC5E42D00012BB0 /* Sopt_Week4 */,
				E5B4FFBA2DC5DF5600012BB0 /* Products */,
			);
			sourceTree = "<group>";
		};
		E5B4FFBA2DC5DF5600012BB0 /* Products */ = {
			isa = PBXGroup;
			children = (
				E5B4FFB92DC5DF5600012BB0 /* Sopt_Week4.app */,
			);
			name = Products;
			sourceTree = "<group>";
		};
		E5B4FFE32DC5E42D00012BB0 /* Sopt_Week4 */ = {
			isa = PBXGroup;
			children = (
				E5B4FFDC2DC5E42D00012BB0 /* Assets.xcassets */,
				E5B4FFDE2DC5E42D00012BB0 /* Info.plist */,
				E5B4FFE22DC5E42D00012BB0 /* ViewController.swift */,
				E5B4FFF02DC5E8C300012BB0 /* Network */,
				E5B4FFEC2DC5E5B700012BB0 /* Application */,
				E5B4FFEE2DC5E5C900012BB0 /* Base */,
			);
			path = Sopt_Week4;
			sourceTree = "<group>";
		};
		E5B4FFEC2DC5E5B700012BB0 /* Application */ = {
			isa = PBXGroup;
			children = (
				E5B4FFDB2DC5E42D00012BB0 /* AppDelegate.swift */,
				E5B4FFE12DC5E42D00012BB0 /* SceneDelegate.swift */,
				E5B4FFE02DC5E42D00012BB0 /* LaunchScreen.storyboard */,
			);
			path = Application;
			sourceTree = "<group>";
		};
		E5B4FFEE2DC5E5C900012BB0 /* Base */ = {
			isa = PBXGroup;
			children = (
				E5B4FFED2DC5E5C900012BB0 /* BaseUIViewController.swift */,
			);
			path = Base;
			sourceTree = "<group>";
		};
		E5B4FFF02DC5E8C300012BB0 /* Network */ = {
			isa = PBXGroup;
			children = (
				E5B4FFF72DC5E92B00012BB0 /* Service */,
				E5B4FFF42DC5E90F00012BB0 /* NetworkError */,
				E5B4FFF12DC5E8E700012BB0 /* DTO */,
			);
			path = Network;
			sourceTree = "<group>";
		};
		E5B4FFF12DC5E8E700012BB0 /* DTO */ = {
			isa = PBXGroup;
			children = (
				E5B4FFF22DC5E8FF00012BB0 /* RegisterDTO.swift */,
			);
			path = DTO;
			sourceTree = "<group>";
		};
		E5B4FFF42DC5E90F00012BB0 /* NetworkError */ = {
			isa = PBXGroup;
			children = (
				E5B4FFF52DC5E91F00012BB0 /* NetworkError.swift */,
			);
			path = NetworkError;
			sourceTree = "<group>";
		};
		E5B4FFF72DC5E92B00012BB0 /* Service */ = {
			isa = PBXGroup;
			children = (
				E5B4FFF82DC5E94200012BB0 /* RegisterService.swift */,
			);
			path = Service;
			sourceTree = "<group>";
		};
/* End PBXGroup section */

/* Begin PBXNativeTarget section */
		E5B4FFB82DC5DF5600012BB0 /* Sopt_Week4 */ = {
			isa = PBXNativeTarget;
			buildConfigurationList = E5B4FFCC2DC5DF5800012BB0 /* Build configuration list for PBXNativeTarget "Sopt_Week4" */;
			buildPhases = (
				E5B4FFB52DC5DF5600012BB0 /* Sources */,
				E5B4FFB62DC5DF5600012BB0 /* Frameworks */,
				E5B4FFB72DC5DF5600012BB0 /* Resources */,
			);
			buildRules = (
			);
			dependencies = (
			);
			name = Sopt_Week4;
			packageProductDependencies = (
				E5B4FFD22DC5E35600012BB0 /* Then */,
				E5B4FFD52DC5E37F00012BB0 /* SnapKit */,
			);
			productName = Sopt_Week4;
			productReference = E5B4FFB92DC5DF5600012BB0 /* Sopt_Week4.app */;
			productType = "com.apple.product-type.application";
		};
/* End PBXNativeTarget section */

/* Begin PBXProject section */
		E5B4FFB12DC5DF5600012BB0 /* Project object */ = {
			isa = PBXProject;
			attributes = {
				BuildIndependentTargetsInParallel = 1;
				LastSwiftUpdateCheck = 1630;
				LastUpgradeCheck = 1630;
				TargetAttributes = {
					E5B4FFB82DC5DF5600012BB0 = {
						CreatedOnToolsVersion = 16.3;
					};
				};
			};
			buildConfigurationList = E5B4FFB42DC5DF5600012BB0 /* Build configuration list for PBXProject "Sopt_Week4" */;
			developmentRegion = en;
			hasScannedForEncodings = 0;
			knownRegions = (
				en,
				Base,
			);
			mainGroup = E5B4FFB02DC5DF5600012BB0;
			minimizedProjectReferenceProxies = 1;
			packageReferences = (
				E5B4FFD12DC5E35600012BB0 /* XCRemoteSwiftPackageReference "Then" */,
				E5B4FFD42DC5E37F00012BB0 /* XCRemoteSwiftPackageReference "SnapKit" */,
			);
			preferredProjectObjectVersion = 77;
			productRefGroup = E5B4FFBA2DC5DF5600012BB0 /* Products */;
			projectDirPath = "";
			projectRoot = "";
			targets = (
				E5B4FFB82DC5DF5600012BB0 /* Sopt_Week4 */,
			);
		};
/* End PBXProject section */

/* Begin PBXResourcesBuildPhase section */
		E5B4FFB72DC5DF5600012BB0 /* Resources */ = {
			isa = PBXResourcesBuildPhase;
			buildActionMask = 2147483647;
			files = (
				E5B4FFE42DC5E42D00012BB0 /* Assets.xcassets in Resources */,
				E5B4FFE62DC5E42D00012BB0 /* LaunchScreen.storyboard in Resources */,
			);
			runOnlyForDeploymentPostprocessing = 0;
		};
/* End PBXResourcesBuildPhase section */

/* Begin PBXSourcesBuildPhase section */
		E5B4FFB52DC5DF5600012BB0 /* Sources */ = {
			isa = PBXSourcesBuildPhase;
			buildActionMask = 2147483647;
			files = (
				E5B4FFE72DC5E42D00012BB0 /* AppDelegate.swift in Sources */,
				E5B4FFEF2DC5E5C900012BB0 /* BaseUIViewController.swift in Sources */,
				E5B4FFE92DC5E42D00012BB0 /* SceneDelegate.swift in Sources */,
				E5B4FFF62DC5E91F00012BB0 /* NetworkError.swift in Sources */,
				E5B4FFEA2DC5E42D00012BB0 /* ViewController.swift in Sources */,
				E5B4FFF92DC5E94200012BB0 /* RegisterService.swift in Sources */,
				E5B4FFF32DC5E8FF00012BB0 /* RegisterDTO.swift in Sources */,
			);
			runOnlyForDeploymentPostprocessing = 0;
		};
/* End PBXSourcesBuildPhase section */

/* Begin PBXVariantGroup section */
		E5B4FFE02DC5E42D00012BB0 /* LaunchScreen.storyboard */ = {
			isa = PBXVariantGroup;
			children = (
				E5B4FFDF2DC5E42D00012BB0 /* Base */,
			);
			name = LaunchScreen.storyboard;
			sourceTree = "<group>";
		};
/* End PBXVariantGroup section */

/* Begin XCBuildConfiguration section */
		E5B4FFCD2DC5DF5800012BB0 /* Debug */ = {
			isa = XCBuildConfiguration;
			buildSettings = {
				ASSETCATALOG_COMPILER_APPICON_NAME = AppIcon;
				ASSETCATALOG_COMPILER_GLOBAL_ACCENT_COLOR_NAME = AccentColor;
				CODE_SIGN_STYLE = Automatic;
				CURRENT_PROJECT_VERSION = 1;
				GENERATE_INFOPLIST_FILE = YES;
				INFOPLIST_FILE = Sopt_Week4/Info.plist;
				INFOPLIST_KEY_UIApplicationSupportsIndirectInputEvents = YES;
				INFOPLIST_KEY_UILaunchStoryboardName = LaunchScreen;
				INFOPLIST_KEY_UISupportedInterfaceOrientations_iPad = "UIInterfaceOrientationPortrait UIInterfaceOrientationPortraitUpsideDown UIInterfaceOrientationLandscapeLeft UIInterfaceOrientationLandscapeRight";
				INFOPLIST_KEY_UISupportedInterfaceOrientations_iPhone = "UIInterfaceOrientationPortrait UIInterfaceOrientationLandscapeLeft UIInterfaceOrientationLandscapeRight";
				LD_RUNPATH_SEARCH_PATHS = (
					"$(inherited)",
					"@executable_path/Frameworks",
				);
				MARKETING_VERSION = 1.0;
				PRODUCT_BUNDLE_IDENTIFIER = "Rx.Sopt-Week4";
				PRODUCT_NAME = "$(TARGET_NAME)";
				SWIFT_EMIT_LOC_STRINGS = YES;
				SWIFT_VERSION = 5.0;
				TARGETED_DEVICE_FAMILY = "1,2";
			};
			name = Debug;
		};
		E5B4FFCE2DC5DF5800012BB0 /* Release */ = {
			isa = XCBuildConfiguration;
			buildSettings = {
				ASSETCATALOG_COMPILER_APPICON_NAME = AppIcon;
				ASSETCATALOG_COMPILER_GLOBAL_ACCENT_COLOR_NAME = AccentColor;
				CODE_SIGN_STYLE = Automatic;
				CURRENT_PROJECT_VERSION = 1;
				GENERATE_INFOPLIST_FILE = YES;
				INFOPLIST_FILE = Sopt_Week4/Info.plist;
				INFOPLIST_KEY_UIApplicationSupportsIndirectInputEvents = YES;
				INFOPLIST_KEY_UILaunchStoryboardName = LaunchScreen;
				INFOPLIST_KEY_UISupportedInterfaceOrientations_iPad = "UIInterfaceOrientationPortrait UIInterfaceOrientationPortraitUpsideDown UIInterfaceOrientationLandscapeLeft UIInterfaceOrientationLandscapeRight";
				INFOPLIST_KEY_UISupportedInterfaceOrientations_iPhone = "UIInterfaceOrientationPortrait UIInterfaceOrientationLandscapeLeft UIInterfaceOrientationLandscapeRight";
				LD_RUNPATH_SEARCH_PATHS = (
					"$(inherited)",
					"@executable_path/Frameworks",
				);
				MARKETING_VERSION = 1.0;
				PRODUCT_BUNDLE_IDENTIFIER = "Rx.Sopt-Week4";
				PRODUCT_NAME = "$(TARGET_NAME)";
				SWIFT_EMIT_LOC_STRINGS = YES;
				SWIFT_VERSION = 5.0;
				TARGETED_DEVICE_FAMILY = "1,2";
			};
			name = Release;
		};
		E5B4FFCF2DC5DF5800012BB0 /* Debug */ = {
			isa = XCBuildConfiguration;
			buildSettings = {
				ALWAYS_SEARCH_USER_PATHS = NO;
				ASSETCATALOG_COMPILER_GENERATE_SWIFT_ASSET_SYMBOL_EXTENSIONS = YES;
				CLANG_ANALYZER_NONNULL = YES;
				CLANG_ANALYZER_NUMBER_OBJECT_CONVERSION = YES_AGGRESSIVE;
				CLANG_CXX_LANGUAGE_STANDARD = "gnu++20";
				CLANG_ENABLE_MODULES = YES;
				CLANG_ENABLE_OBJC_ARC = YES;
				CLANG_ENABLE_OBJC_WEAK = YES;
				CLANG_WARN_BLOCK_CAPTURE_AUTORELEASING = YES;
				CLANG_WARN_BOOL_CONVERSION = YES;
				CLANG_WARN_COMMA = YES;
				CLANG_WARN_CONSTANT_CONVERSION = YES;
				CLANG_WARN_DEPRECATED_OBJC_IMPLEMENTATIONS = YES;
				CLANG_WARN_DIRECT_OBJC_ISA_USAGE = YES_ERROR;
				CLANG_WARN_DOCUMENTATION_COMMENTS = YES;
				CLANG_WARN_EMPTY_BODY = YES;
				CLANG_WARN_ENUM_CONVERSION = YES;
				CLANG_WARN_INFINITE_RECURSION = YES;
				CLANG_WARN_INT_CONVERSION = YES;
				CLANG_WARN_NON_LITERAL_NULL_CONVERSION = YES;
				CLANG_WARN_OBJC_IMPLICIT_RETAIN_SELF = YES;
				CLANG_WARN_OBJC_LITERAL_CONVERSION = YES;
				CLANG_WARN_OBJC_ROOT_CLASS = YES_ERROR;
				CLANG_WARN_QUOTED_INCLUDE_IN_FRAMEWORK_HEADER = YES;
				CLANG_WARN_RANGE_LOOP_ANALYSIS = YES;
				CLANG_WARN_STRICT_PROTOTYPES = YES;
				CLANG_WARN_SUSPICIOUS_MOVE = YES;
				CLANG_WARN_UNGUARDED_AVAILABILITY = YES_AGGRESSIVE;
				CLANG_WARN_UNREACHABLE_CODE = YES;
				CLANG_WARN__DUPLICATE_METHOD_MATCH = YES;
				COPY_PHASE_STRIP = NO;
				DEBUG_INFORMATION_FORMAT = dwarf;
				ENABLE_STRICT_OBJC_MSGSEND = YES;
				ENABLE_TESTABILITY = YES;
				ENABLE_USER_SCRIPT_SANDBOXING = YES;
				GCC_C_LANGUAGE_STANDARD = gnu17;
				GCC_DYNAMIC_NO_PIC = NO;
				GCC_NO_COMMON_BLOCKS = YES;
				GCC_OPTIMIZATION_LEVEL = 0;
				GCC_PREPROCESSOR_DEFINITIONS = (
					"DEBUG=1",
					"$(inherited)",
				);
				GCC_WARN_64_TO_32_BIT_CONVERSION = YES;
				GCC_WARN_ABOUT_RETURN_TYPE = YES_ERROR;
				GCC_WARN_UNDECLARED_SELECTOR = YES;
				GCC_WARN_UNINITIALIZED_AUTOS = YES_AGGRESSIVE;
				GCC_WARN_UNUSED_FUNCTION = YES;
				GCC_WARN_UNUSED_VARIABLE = YES;
				IPHONEOS_DEPLOYMENT_TARGET = 18.4;
				LOCALIZATION_PREFERS_STRING_CATALOGS = YES;
				MTL_ENABLE_DEBUG_INFO = INCLUDE_SOURCE;
				MTL_FAST_MATH = YES;
				ONLY_ACTIVE_ARCH = YES;
				SDKROOT = iphoneos;
				SWIFT_ACTIVE_COMPILATION_CONDITIONS = "DEBUG $(inherited)";
				SWIFT_OPTIMIZATION_LEVEL = "-Onone";
			};
			name = Debug;
		};
		E5B4FFD02DC5DF5800012BB0 /* Release */ = {
			isa = XCBuildConfiguration;
			buildSettings = {
				ALWAYS_SEARCH_USER_PATHS = NO;
				ASSETCATALOG_COMPILER_GENERATE_SWIFT_ASSET_SYMBOL_EXTENSIONS = YES;
				CLANG_ANALYZER_NONNULL = YES;
				CLANG_ANALYZER_NUMBER_OBJECT_CONVERSION = YES_AGGRESSIVE;
				CLANG_CXX_LANGUAGE_STANDARD = "gnu++20";
				CLANG_ENABLE_MODULES = YES;
				CLANG_ENABLE_OBJC_ARC = YES;
				CLANG_ENABLE_OBJC_WEAK = YES;
				CLANG_WARN_BLOCK_CAPTURE_AUTORELEASING = YES;
				CLANG_WARN_BOOL_CONVERSION = YES;
				CLANG_WARN_COMMA = YES;
				CLANG_WARN_CONSTANT_CONVERSION = YES;
				CLANG_WARN_DEPRECATED_OBJC_IMPLEMENTATIONS = YES;
				CLANG_WARN_DIRECT_OBJC_ISA_USAGE = YES_ERROR;
				CLANG_WARN_DOCUMENTATION_COMMENTS = YES;
				CLANG_WARN_EMPTY_BODY = YES;
				CLANG_WARN_ENUM_CONVERSION = YES;
				CLANG_WARN_INFINITE_RECURSION = YES;
				CLANG_WARN_INT_CONVERSION = YES;
				CLANG_WARN_NON_LITERAL_NULL_CONVERSION = YES;
				CLANG_WARN_OBJC_IMPLICIT_RETAIN_SELF = YES;
				CLANG_WARN_OBJC_LITERAL_CONVERSION = YES;
				CLANG_WARN_OBJC_ROOT_CLASS = YES_ERROR;
				CLANG_WARN_QUOTED_INCLUDE_IN_FRAMEWORK_HEADER = YES;
				CLANG_WARN_RANGE_LOOP_ANALYSIS = YES;
				CLANG_WARN_STRICT_PROTOTYPES = YES;
				CLANG_WARN_SUSPICIOUS_MOVE = YES;
				CLANG_WARN_UNGUARDED_AVAILABILITY = YES_AGGRESSIVE;
				CLANG_WARN_UNREACHABLE_CODE = YES;
				CLANG_WARN__DUPLICATE_METHOD_MATCH = YES;
				COPY_PHASE_STRIP = NO;
				DEBUG_INFORMATION_FORMAT = "dwarf-with-dsym";
				ENABLE_NS_ASSERTIONS = NO;
				ENABLE_STRICT_OBJC_MSGSEND = YES;
				ENABLE_USER_SCRIPT_SANDBOXING = YES;
				GCC_C_LANGUAGE_STANDARD = gnu17;
				GCC_NO_COMMON_BLOCKS = YES;
				GCC_WARN_64_TO_32_BIT_CONVERSION = YES;
				GCC_WARN_ABOUT_RETURN_TYPE = YES_ERROR;
				GCC_WARN_UNDECLARED_SELECTOR = YES;
				GCC_WARN_UNINITIALIZED_AUTOS = YES_AGGRESSIVE;
				GCC_WARN_UNUSED_FUNCTION = YES;
				GCC_WARN_UNUSED_VARIABLE = YES;
				IPHONEOS_DEPLOYMENT_TARGET = 18.4;
				LOCALIZATION_PREFERS_STRING_CATALOGS = YES;
				MTL_ENABLE_DEBUG_INFO = NO;
				MTL_FAST_MATH = YES;
				SDKROOT = iphoneos;
				SWIFT_COMPILATION_MODE = wholemodule;
				VALIDATE_PRODUCT = YES;
			};
			name = Release;
		};
/* End XCBuildConfiguration section */

/* Begin XCConfigurationList section */
		E5B4FFB42DC5DF5600012BB0 /* Build configuration list for PBXProject "Sopt_Week4" */ = {
			isa = XCConfigurationList;
			buildConfigurations = (
				E5B4FFCF2DC5DF5800012BB0 /* Debug */,
				E5B4FFD02DC5DF5800012BB0 /* Release */,
			);
			defaultConfigurationIsVisible = 0;
			defaultConfigurationName = Release;
		};
		E5B4FFCC2DC5DF5800012BB0 /* Build configuration list for PBXNativeTarget "Sopt_Week4" */ = {
			isa = XCConfigurationList;
			buildConfigurations = (
				E5B4FFCD2DC5DF5800012BB0 /* Debug */,
				E5B4FFCE2DC5DF5800012BB0 /* Release */,
			);
			defaultConfigurationIsVisible = 0;
			defaultConfigurationName = Release;
		};
/* End XCConfigurationList section */

/* Begin XCRemoteSwiftPackageReference section */
		E5B4FFD12DC5E35600012BB0 /* XCRemoteSwiftPackageReference "Then" */ = {
			isa = XCRemoteSwiftPackageReference;
			repositoryURL = "https://github.com/devxoul/Then";
			requirement = {
				kind = upToNextMajorVersion;
				minimumVersion = 3.0.0;
			};
		};
		E5B4FFD42DC5E37F00012BB0 /* XCRemoteSwiftPackageReference "SnapKit" */ = {
			isa = XCRemoteSwiftPackageReference;
			repositoryURL = "https://github.com/SnapKit/SnapKit";
			requirement = {
				kind = upToNextMajorVersion;
				minimumVersion = 5.7.1;
			};
		};
/* End XCRemoteSwiftPackageReference section */

/* Begin XCSwiftPackageProductDependency section */
		E5B4FFD22DC5E35600012BB0 /* Then */ = {
			isa = XCSwiftPackageProductDependency;
			package = E5B4FFD12DC5E35600012BB0 /* XCRemoteSwiftPackageReference "Then" */;
			productName = Then;
		};
		E5B4FFD52DC5E37F00012BB0 /* SnapKit */ = {
			isa = XCSwiftPackageProductDependency;
			package = E5B4FFD42DC5E37F00012BB0 /* XCRemoteSwiftPackageReference "SnapKit" */;
			productName = SnapKit;
		};
/* End XCSwiftPackageProductDependency section */
	};
	rootObject = E5B4FFB12DC5DF5600012BB0 /* Project object */;
}
